
Microsoft Visual Studio Solution File, Format Version 12.00
# Visual Studio Version 17
VisualStudioVersion = 17.3.32901.215
MinimumVisualStudioVersion = 10.0.40219.1
Project("{FAE04EC0-301F-11D3-BF4B-00C04F79EFBC}") = "BasicUserCrud", "BasicUserCrud.csproj", "{AC74DF33-A9FD-4ED6-ACD8-F27E9DB68C76}"
EndProject
Global
	GlobalSection(SolutionConfigurationPlatforms) = preSolution
		Debug|Any CPU = Debug|Any CPU
		Release|Any CPU = Release|Any CPU
	EndGlobalSection
	GlobalSection(ProjectConfigurationPlatforms) = postSolution
		{AC74DF33-A9FD-4ED6-ACD8-F27E9DB68C76}.Debug|Any CPU.ActiveCfg = Debug|Any CPU
		{AC74DF33-A9FD-4ED6-ACD8-F27E9DB68C76}.Debug|Any CPU.Build.0 = Debug|Any CPU
		{AC74DF33-A9FD-4ED6-ACD8-F27E9DB68C76}.Release|Any CPU.ActiveCfg = Release|Any CPU
		{AC74DF33-A9FD-4ED6-ACD8-F27E9DB68C76}.Release|Any CPU.Build.0 = Release|Any CPU
	EndGlobalSection
	GlobalSection(SolutionProperties) = preSolution
		HideSolutionNode = FALSE
	EndGlobalSection
	GlobalSection(ExtensibilityGlobals) = postSolution
		SolutionGuid = {0598EA46-ED13-4168-9602-04895A70ADB2}
	EndGlobalSection
EndGlobal
